
Microsoft Visual Studio Solution File, Format Version 12.00
# Visual Studio Version 17
VisualStudioVersion = 17.14.36414.22
MinimumVisualStudioVersion = 10.0.40219.1
Project("{FAE04EC0-301F-11D3-BF4B-00C04F79EFBC}") = "IngSw-Tfi.Api", "IngSw-Tfi.Api\IngSw-Tfi.Api.csproj", "{CD0A28C4-9070-4128-AC91-1EE129353FA0}"
EndProject
Project("{2150E333-8FDC-42A3-9474-1A3956D46DE8}") = "Api", "Api", "{02EA681E-C7D8-13C7-8484-4AC65E1B71E8}"
EndProject
Project("{2150E333-8FDC-42A3-9474-1A3956D46DE8}") = "Domain", "Domain", "{80A13C6E-02D5-4397-AAD2-53295A28C181}"
EndProject
Project("{2150E333-8FDC-42A3-9474-1A3956D46DE8}") = "Application", "Application", "{B7792A48-E831-4F2E-91C3-76856D5F01C9}"
EndProject
Project("{2150E333-8FDC-42A3-9474-1A3956D46DE8}") = "Infraestructure", "Infraestructure", "{C95A9AF6-50CD-4A53-806A-97F64E53227F}"
EndProject
Project("{FAE04EC0-301F-11D3-BF4B-00C04F79EFBC}") = "IngSw-Tfi.Domain", "IngSw-Tfi.Domain\IngSw-Tfi.Domain.csproj", "{51D7B4B2-463D-4410-9046-E21AF5742D2E}"
EndProject
Project("{FAE04EC0-301F-11D3-BF4B-00C04F79EFBC}") = "IngSw-Tfi.Application", "IngSw-Tfi.Application\IngSw-Tfi.Application.csproj", "{18DD414E-975B-4CE5-8478-AF73A146F74E}"
EndProject
Project("{2150E333-8FDC-42A3-9474-1A3956D46DE8}") = "Data", "Data", "{DFCABC82-4EC4-40A9-B5F2-C1C41F5BED4E}"
EndProject
Project("{FAE04EC0-301F-11D3-BF4B-00C04F79EFBC}") = "IngSw-Tfi.Data", "IngSw-Tfi.Data\IngSw-Tfi.Data.csproj", "{D73930BA-6747-40E7-98E9-F2B72FF865DF}"
EndProject
Project("{2150E333-8FDC-42A3-9474-1A3956D46DE8}") = "Tests", "Tests", "{3DE16FDE-8AF3-455A-A2CD-24D1616FAD2A}"
EndProject
Project("{2150E333-8FDC-42A3-9474-1A3956D46DE8}") = "Transversal", "Transversal", "{60DCA09A-A998-4AE1-AF5C-DED50D9D63BF}"
EndProject
Project("{FAE04EC0-301F-11D3-BF4B-00C04F79EFBC}") = "IngSw-Tfi.Transversal", "IngSw-Tfi.Transversal\IngSw-Tfi.Transversal.csproj", "{730F2677-A632-4933-9662-CC3332F9EFAA}"
EndProject
Project("{FAE04EC0-301F-11D3-BF4B-00C04F79EFBC}") = "IngSw-Tests", "IngSw-Tests\IngSw-Tests.csproj", "{469AD530-2D7B-EFCE-64A0-9CE0F2EC75C4}"
EndProject
Project("{FAE04EC0-301F-11D3-BF4B-00C04F79EFBC}") = "IngSw_Bdd", "IngSw_Bdd\IngSw_Bdd.csproj", "{F2102E3E-3DDF-76F0-1F6E-23ECD4A4DFB0}"
EndProject
Project("{2150E333-8FDC-42A3-9474-1A3956D46DE8}") = "Bdd", "Bdd", "{EECF5761-F634-4BB3-8CB6-CE3230008420}"
EndProject
Global
	GlobalSection(SolutionConfigurationPlatforms) = preSolution
		Debug|Any CPU = Debug|Any CPU
		Release|Any CPU = Release|Any CPU
	EndGlobalSection
	GlobalSection(ProjectConfigurationPlatforms) = postSolution
		{CD0A28C4-9070-4128-AC91-1EE129353FA0}.Debug|Any CPU.ActiveCfg = Debug|Any CPU
		{CD0A28C4-9070-4128-AC91-1EE129353FA0}.Debug|Any CPU.Build.0 = Debug|Any CPU
		{CD0A28C4-9070-4128-AC91-1EE129353FA0}.Release|Any CPU.ActiveCfg = Release|Any CPU
		{CD0A28C4-9070-4128-AC91-1EE129353FA0}.Release|Any CPU.Build.0 = Release|Any CPU
		{51D7B4B2-463D-4410-9046-E21AF5742D2E}.Debug|Any CPU.ActiveCfg = Debug|Any CPU
		{51D7B4B2-463D-4410-9046-E21AF5742D2E}.Debug|Any CPU.Build.0 = Debug|Any CPU
		{51D7B4B2-463D-4410-9046-E21AF5742D2E}.Release|Any CPU.ActiveCfg = Release|Any CPU
		{51D7B4B2-463D-4410-9046-E21AF5742D2E}.Release|Any CPU.Build.0 = Release|Any CPU
		{18DD414E-975B-4CE5-8478-AF73A146F74E}.Debug|Any CPU.ActiveCfg = Debug|Any CPU
		{18DD414E-975B-4CE5-8478-AF73A146F74E}.Debug|Any CPU.Build.0 = Debug|Any CPU
		{18DD414E-975B-4CE5-8478-AF73A146F74E}.Release|Any CPU.ActiveCfg = Release|Any CPU
		{18DD414E-975B-4CE5-8478-AF73A146F74E}.Release|Any CPU.Build.0 = Release|Any CPU
		{D73930BA-6747-40E7-98E9-F2B72FF865DF}.Debug|Any CPU.ActiveCfg = Debug|Any CPU
		{D73930BA-6747-40E7-98E9-F2B72FF865DF}.Debug|Any CPU.Build.0 = Debug|Any CPU
		{D73930BA-6747-40E7-98E9-F2B72FF865DF}.Release|Any CPU.ActiveCfg = Release|Any CPU
		{D73930BA-6747-40E7-98E9-F2B72FF865DF}.Release|Any CPU.Build.0 = Release|Any CPU
		{730F2677-A632-4933-9662-CC3332F9EFAA}.Debug|Any CPU.ActiveCfg = Debug|Any CPU
		{730F2677-A632-4933-9662-CC3332F9EFAA}.Debug|Any CPU.Build.0 = Debug|Any CPU
		{730F2677-A632-4933-9662-CC3332F9EFAA}.Release|Any CPU.ActiveCfg = Release|Any CPU
		{730F2677-A632-4933-9662-CC3332F9EFAA}.Release|Any CPU.Build.0 = Release|Any CPU
		{469AD530-2D7B-EFCE-64A0-9CE0F2EC75C4}.Debug|Any CPU.ActiveCfg = Debug|Any CPU
		{469AD530-2D7B-EFCE-64A0-9CE0F2EC75C4}.Debug|Any CPU.Build.0 = Debug|Any CPU
		{469AD530-2D7B-EFCE-64A0-9CE0F2EC75C4}.Release|Any CPU.ActiveCfg = Release|Any CPU
		{469AD530-2D7B-EFCE-64A0-9CE0F2EC75C4}.Release|Any CPU.Build.0 = Release|Any CPU
		{F2102E3E-3DDF-76F0-1F6E-23ECD4A4DFB0}.Debug|Any CPU.ActiveCfg = Debug|Any CPU
		{F2102E3E-3DDF-76F0-1F6E-23ECD4A4DFB0}.Debug|Any CPU.Build.0 = Debug|Any CPU
		{F2102E3E-3DDF-76F0-1F6E-23ECD4A4DFB0}.Release|Any CPU.ActiveCfg = Release|Any CPU
		{F2102E3E-3DDF-76F0-1F6E-23ECD4A4DFB0}.Release|Any CPU.Build.0 = Release|Any CPU
	EndGlobalSection
	GlobalSection(SolutionProperties) = preSolution
		HideSolutionNode = FALSE
	EndGlobalSection
	GlobalSection(NestedProjects) = preSolution
		{CD0A28C4-9070-4128-AC91-1EE129353FA0} = {02EA681E-C7D8-13C7-8484-4AC65E1B71E8}
		{51D7B4B2-463D-4410-9046-E21AF5742D2E} = {80A13C6E-02D5-4397-AAD2-53295A28C181}
		{18DD414E-975B-4CE5-8478-AF73A146F74E} = {B7792A48-E831-4F2E-91C3-76856D5F01C9}
		{DFCABC82-4EC4-40A9-B5F2-C1C41F5BED4E} = {C95A9AF6-50CD-4A53-806A-97F64E53227F}
		{D73930BA-6747-40E7-98E9-F2B72FF865DF} = {DFCABC82-4EC4-40A9-B5F2-C1C41F5BED4E}
		{60DCA09A-A998-4AE1-AF5C-DED50D9D63BF} = {C95A9AF6-50CD-4A53-806A-97F64E53227F}
		{730F2677-A632-4933-9662-CC3332F9EFAA} = {60DCA09A-A998-4AE1-AF5C-DED50D9D63BF}
		{469AD530-2D7B-EFCE-64A0-9CE0F2EC75C4} = {3DE16FDE-8AF3-455A-A2CD-24D1616FAD2A}
		{F2102E3E-3DDF-76F0-1F6E-23ECD4A4DFB0} = {EECF5761-F634-4BB3-8CB6-CE3230008420}
	EndGlobalSection
	GlobalSection(ExtensibilityGlobals) = postSolution
		SolutionGuid = {2682D297-01A6-4369-BC2D-343832D0C7E7}
	EndGlobalSection
EndGlobal
