
Microsoft Visual Studio Solution File, Format Version 12.00
# Visual Studio Version 17
VisualStudioVersion = 17.14.36414.22
MinimumVisualStudioVersion = 10.0.40219.1
Project("{FAE04EC0-301F-11D3-BF4B-00C04F79EFBC}") = "IngSw_Bdd", "IngSw_Bdd.csproj", "{5CB8472B-C015-4BA2-8717-A699834F813E}"
EndProject
Project("{FAE04EC0-301F-11D3-BF4B-00C04F79EFBC}") = "IngSw_Bdd.Domain", "..\IngSw_Bdd.Domain\IngSw_Bdd.Domain.csproj", "{CFD2EEF2-FEEF-4ECA-A76D-DD18425085DC}"
EndProject
Project("{FAE04EC0-301F-11D3-BF4B-00C04F79EFBC}") = "IngSw_Bdd.Services", "..\IngSw_Bdd.Services\IngSw_Bdd.Services.csproj", "{F82947D9-92C4-446B-8544-1D2FA32CE255}"
EndProject
Global
	GlobalSection(SolutionConfigurationPlatforms) = preSolution
		Debug|Any CPU = Debug|Any CPU
		Release|Any CPU = Release|Any CPU
	EndGlobalSection
	GlobalSection(ProjectConfigurationPlatforms) = postSolution
		{5CB8472B-C015-4BA2-8717-A699834F813E}.Debug|Any CPU.ActiveCfg = Debug|Any CPU
		{5CB8472B-C015-4BA2-8717-A699834F813E}.Debug|Any CPU.Build.0 = Debug|Any CPU
		{5CB8472B-C015-4BA2-8717-A699834F813E}.Release|Any CPU.ActiveCfg = Release|Any CPU
		{5CB8472B-C015-4BA2-8717-A699834F813E}.Release|Any CPU.Build.0 = Release|Any CPU
		{CFD2EEF2-FEEF-4ECA-A76D-DD18425085DC}.Debug|Any CPU.ActiveCfg = Debug|Any CPU
		{CFD2EEF2-FEEF-4ECA-A76D-DD18425085DC}.Debug|Any CPU.Build.0 = Debug|Any CPU
		{CFD2EEF2-FEEF-4ECA-A76D-DD18425085DC}.Release|Any CPU.ActiveCfg = Release|Any CPU
		{CFD2EEF2-FEEF-4ECA-A76D-DD18425085DC}.Release|Any CPU.Build.0 = Release|Any CPU
		{F82947D9-92C4-446B-8544-1D2FA32CE255}.Debug|Any CPU.ActiveCfg = Debug|Any CPU
		{F82947D9-92C4-446B-8544-1D2FA32CE255}.Debug|Any CPU.Build.0 = Debug|Any CPU
		{F82947D9-92C4-446B-8544-1D2FA32CE255}.Release|Any CPU.ActiveCfg = Release|Any CPU
		{F82947D9-92C4-446B-8544-1D2FA32CE255}.Release|Any CPU.Build.0 = Release|Any CPU
	EndGlobalSection
	GlobalSection(SolutionProperties) = preSolution
		HideSolutionNode = FALSE
	EndGlobalSection
	GlobalSection(ExtensibilityGlobals) = postSolution
		SolutionGuid = {1973EFFE-4044-44EB-88F4-E14A8618D03D}
	EndGlobalSection
EndGlobal
